
Microsoft Visual Studio Solution File, Format Version 12.00
# Visual Studio Version 16
VisualStudioVersion = 16.0.31729.503
MinimumVisualStudioVersion = 10.0.40219.1
Project("{FAE04EC0-301F-11D3-BF4B-00C04F79EFBC}") = "AddressBookSystem", "AddressBookSystem\AddressBookSystem.csproj", "{DBBE7003-AFC8-4B38-B7BA-A6A4C6CD3E43}"
EndProject
Global
	GlobalSection(SolutionConfigurationPlatforms) = preSolution
		Debug|Any CPU = Debug|Any CPU
		Release|Any CPU = Release|Any CPU
	EndGlobalSection
	GlobalSection(ProjectConfigurationPlatforms) = postSolution
		{DBBE7003-AFC8-4B38-B7BA-A6A4C6CD3E43}.Debug|Any CPU.ActiveCfg = Debug|Any CPU
		{DBBE7003-AFC8-4B38-B7BA-A6A4C6CD3E43}.Debug|Any CPU.Build.0 = Debug|Any CPU
		{DBBE7003-AFC8-4B38-B7BA-A6A4C6CD3E43}.Release|Any CPU.ActiveCfg = Release|Any CPU
		{DBBE7003-AFC8-4B38-B7BA-A6A4C6CD3E43}.Release|Any CPU.Build.0 = Release|Any CPU
	EndGlobalSection
	GlobalSection(SolutionProperties) = preSolution
		HideSolutionNode = FALSE
	EndGlobalSection
	GlobalSection(ExtensibilityGlobals) = postSolution
		SolutionGuid = {4FEE2342-21D9-4F30-9ED1-0428EFEAAC59}
	EndGlobalSection
EndGlobal
